
Microsoft Visual Studio Solution File, Format Version 12.00
# Visual Studio Version 16
VisualStudioVersion = 16.0.31019.35
MinimumVisualStudioVersion = 10.0.40219.1
Project("{FAE04EC0-301F-11D3-BF4B-00C04F79EFBC}") = "SetAutoComplete", "SetAutoComplete\SetAutoComplete.csproj", "{F03D2001-299A-4255-A562-45AF0766E056}"
EndProject
Global
	GlobalSection(SolutionConfigurationPlatforms) = preSolution
		Debug|Any CPU = Debug|Any CPU
		Release|Any CPU = Release|Any CPU
	EndGlobalSection
	GlobalSection(ProjectConfigurationPlatforms) = postSolution
		{F03D2001-299A-4255-A562-45AF0766E056}.Debug|Any CPU.ActiveCfg = Debug|Any CPU
		{F03D2001-299A-4255-A562-45AF0766E056}.Debug|Any CPU.Build.0 = Debug|Any CPU
		{F03D2001-299A-4255-A562-45AF0766E056}.Release|Any CPU.ActiveCfg = Release|Any CPU
		{F03D2001-299A-4255-A562-45AF0766E056}.Release|Any CPU.Build.0 = Release|Any CPU
	EndGlobalSection
	GlobalSection(SolutionProperties) = preSolution
		HideSolutionNode = FALSE
	EndGlobalSection
	GlobalSection(ExtensibilityGlobals) = postSolution
		SolutionGuid = {53D94B42-1ECC-411E-B2B6-8F219E948365}
	EndGlobalSection
EndGlobal
